
Microsoft Visual Studio Solution File, Format Version 12.00
# Visual Studio Version 17
VisualStudioVersion = 17.10.35013.160
MinimumVisualStudioVersion = 10.0.40219.1
Project("{FAE04EC0-301F-11D3-BF4B-00C04F79EFBC}") = "f_lib", "f_lib\f_lib.csproj", "{CEA45F35-339F-4EC4-B399-85C3B9A9F02F}"
EndProject
Global
	GlobalSection(SolutionConfigurationPlatforms) = preSolution
		Debug|Any CPU = Debug|Any CPU
		Release|Any CPU = Release|Any CPU
	EndGlobalSection
	GlobalSection(ProjectConfigurationPlatforms) = postSolution
		{CEA45F35-339F-4EC4-B399-85C3B9A9F02F}.Debug|Any CPU.ActiveCfg = Debug|Any CPU
		{CEA45F35-339F-4EC4-B399-85C3B9A9F02F}.Debug|Any CPU.Build.0 = Debug|Any CPU
		{CEA45F35-339F-4EC4-B399-85C3B9A9F02F}.Release|Any CPU.ActiveCfg = Release|Any CPU
		{CEA45F35-339F-4EC4-B399-85C3B9A9F02F}.Release|Any CPU.Build.0 = Release|Any CPU
	EndGlobalSection
	GlobalSection(SolutionProperties) = preSolution
		HideSolutionNode = FALSE
	EndGlobalSection
	GlobalSection(ExtensibilityGlobals) = postSolution
		SolutionGuid = {AEEAE087-C6CA-408D-86B6-385B04A4E5AE}
	EndGlobalSection
EndGlobal
